// !$*UTF8*$!
{
	archiveVersion = 1;
	classes = {
	};
	objectVersion = 48;
	objects = {

/* Begin PBXBuildFile section */
		25E53641DD11E023F5C3557D /* Pods_ToDo.framework in Frameworks */ = {isa = PBXBuildFile; fileRef = BC3D9A23F1AC5A1AA6A97A32 /* Pods_ToDo.framework */; };
		7C477D1C20A8D63400BBD811 /* CategoryViewController.swift in Sources */ = {isa = PBXBuildFile; fileRef = 7C477D1B20A8D63400BBD811 /* CategoryViewController.swift */; };
		7C54E8372077FA7F00B63876 /* AppDelegate.swift in Sources */ = {isa = PBXBuildFile; fileRef = 7C54E8362077FA7F00B63876 /* AppDelegate.swift */; };
		7C54E8392077FA7F00B63876 /* ToDoListViewController.swift in Sources */ = {isa = PBXBuildFile; fileRef = 7C54E8382077FA7F00B63876 /* ToDoListViewController.swift */; };
		7C54E83C2077FA7F00B63876 /* Main.storyboard in Resources */ = {isa = PBXBuildFile; fileRef = 7C54E83A2077FA7F00B63876 /* Main.storyboard */; };
		7C54E83E2077FA7F00B63876 /* Assets.xcassets in Resources */ = {isa = PBXBuildFile; fileRef = 7C54E83D2077FA7F00B63876 /* Assets.xcassets */; };
		7C54E8412077FA7F00B63876 /* LaunchScreen.storyboard in Resources */ = {isa = PBXBuildFile; fileRef = 7C54E83F2077FA7F00B63876 /* LaunchScreen.storyboard */; };
		7CA9ED1820A9E470000F1A76 /* Item.swift in Sources */ = {isa = PBXBuildFile; fileRef = 7CA9ED1720A9E470000F1A76 /* Item.swift */; };
		7CA9ED1A20A9E47B000F1A76 /* Category.swift in Sources */ = {isa = PBXBuildFile; fileRef = 7CA9ED1920A9E47B000F1A76 /* Category.swift */; };
/* End PBXBuildFile section */

/* Begin PBXFileReference section */
		7C477D1B20A8D63400BBD811 /* CategoryViewController.swift */ = {isa = PBXFileReference; lastKnownFileType = sourcecode.swift; path = CategoryViewController.swift; sourceTree = "<group>"; };
		7C54E8332077FA7E00B63876 /* ToDo.app */ = {isa = PBXFileReference; explicitFileType = wrapper.application; includeInIndex = 0; path = ToDo.app; sourceTree = BUILT_PRODUCTS_DIR; };
		7C54E8362077FA7F00B63876 /* AppDelegate.swift */ = {isa = PBXFileReference; lastKnownFileType = sourcecode.swift; path = AppDelegate.swift; sourceTree = "<group>"; };
		7C54E8382077FA7F00B63876 /* ToDoListViewController.swift */ = {isa = PBXFileReference; lastKnownFileType = sourcecode.swift; path = ToDoListViewController.swift; sourceTree = "<group>"; };
		7C54E83B2077FA7F00B63876 /* Base */ = {isa = PBXFileReference; lastKnownFileType = file.storyboard; name = Base; path = Base.lproj/Main.storyboard; sourceTree = "<group>"; };
		7C54E83D2077FA7F00B63876 /* Assets.xcassets */ = {isa = PBXFileReference; lastKnownFileType = folder.assetcatalog; path = Assets.xcassets; sourceTree = "<group>"; };
		7C54E8402077FA7F00B63876 /* Base */ = {isa = PBXFileReference; lastKnownFileType = file.storyboard; name = Base; path = Base.lproj/LaunchScreen.storyboard; sourceTree = "<group>"; };
		7C54E8422077FA7F00B63876 /* Info.plist */ = {isa = PBXFileReference; lastKnownFileType = text.plist.xml; path = Info.plist; sourceTree = "<group>"; };
		7CA9ED1720A9E470000F1A76 /* Item.swift */ = {isa = PBXFileReference; lastKnownFileType = sourcecode.swift; path = Item.swift; sourceTree = "<group>"; };
		7CA9ED1920A9E47B000F1A76 /* Category.swift */ = {isa = PBXFileReference; lastKnownFileType = sourcecode.swift; path = Category.swift; sourceTree = "<group>"; };
		BC3D9A23F1AC5A1AA6A97A32 /* Pods_ToDo.framework */ = {isa = PBXFileReference; explicitFileType = wrapper.framework; includeInIndex = 0; path = Pods_ToDo.framework; sourceTree = BUILT_PRODUCTS_DIR; };
		D68DDAB65BD49D87154BE299 /* Pods-ToDo.release.xcconfig */ = {isa = PBXFileReference; includeInIndex = 1; lastKnownFileType = text.xcconfig; name = "Pods-ToDo.release.xcconfig"; path = "Pods/Target Support Files/Pods-ToDo/Pods-ToDo.release.xcconfig"; sourceTree = "<group>"; };
		EB08694C4058D45200C28F60 /* Pods-ToDo.debug.xcconfig */ = {isa = PBXFileReference; includeInIndex = 1; lastKnownFileType = text.xcconfig; name = "Pods-ToDo.debug.xcconfig"; path = "Pods/Target Support Files/Pods-ToDo/Pods-ToDo.debug.xcconfig"; sourceTree = "<group>"; };
/* End PBXFileReference section */

/* Begin PBXFrameworksBuildPhase section */
		7C54E8302077FA7E00B63876 /* Frameworks */ = {
			isa = PBXFrameworksBuildPhase;
			buildActionMask = 2147483647;
			files = (
				25E53641DD11E023F5C3557D /* Pods_ToDo.framework in Frameworks */,
			);
			runOnlyForDeploymentPostprocessing = 0;
		};
/* End PBXFrameworksBuildPhase section */

/* Begin PBXGroup section */
		7C54E82A2077FA7C00B63876 = {
			isa = PBXGroup;
			children = (
				7C54E8352077FA7E00B63876 /* ToDo */,
				7C54E8342077FA7E00B63876 /* Products */,
				82B2FC69874782AB9D14958E /* Pods */,
				B7C9F56221FD29ACC4129197 /* Frameworks */,
			);
			sourceTree = "<group>";
		};
		7C54E8342077FA7E00B63876 /* Products */ = {
			isa = PBXGroup;
			children = (
				7C54E8332077FA7E00B63876 /* ToDo.app */,
			);
			name = Products;
			sourceTree = "<group>";
		};
		7C54E8352077FA7E00B63876 /* ToDo */ = {
			isa = PBXGroup;
			children = (
				7C54E8362077FA7F00B63876 /* AppDelegate.swift */,
				7CA6F12C20802D7200D04E50 /* Views */,
				7CA6F12A20802D5700D04E50 /* Controller */,
				7CA6F12920802CC100D04E50 /* Data Model */,
				7CA6F12D20802DD400D04E50 /* Supporting Files */,
				7C54E8422077FA7F00B63876 /* Info.plist */,
			);
			path = ToDo;
			sourceTree = "<group>";
		};
		7CA6F12920802CC100D04E50 /* Data Model */ = {
			isa = PBXGroup;
			children = (
				7CA9ED1920A9E47B000F1A76 /* Category.swift */,
				7CA9ED1720A9E470000F1A76 /* Item.swift */,
			);
			path = "Data Model";
			sourceTree = "<group>";
		};
		7CA6F12A20802D5700D04E50 /* Controller */ = {
			isa = PBXGroup;
			children = (
				7C477D1B20A8D63400BBD811 /* CategoryViewController.swift */,
				7C54E8382077FA7F00B63876 /* ToDoListViewController.swift */,
			);
			path = Controller;
			sourceTree = "<group>";
		};
		7CA6F12C20802D7200D04E50 /* Views */ = {
			isa = PBXGroup;
			children = (
				7C54E83A2077FA7F00B63876 /* Main.storyboard */,
			);
			path = Views;
			sourceTree = "<group>";
		};
		7CA6F12D20802DD400D04E50 /* Supporting Files */ = {
			isa = PBXGroup;
			children = (
				7C54E83D2077FA7F00B63876 /* Assets.xcassets */,
				7C54E83F2077FA7F00B63876 /* LaunchScreen.storyboard */,
			);
			path = "Supporting Files";
			sourceTree = "<group>";
		};
		82B2FC69874782AB9D14958E /* Pods */ = {
			isa = PBXGroup;
			children = (
				EB08694C4058D45200C28F60 /* Pods-ToDo.debug.xcconfig */,
				D68DDAB65BD49D87154BE299 /* Pods-ToDo.release.xcconfig */,
			);
			name = Pods;
			sourceTree = "<group>";
		};
		B7C9F56221FD29ACC4129197 /* Frameworks */ = {
			isa = PBXGroup;
			children = (
				BC3D9A23F1AC5A1AA6A97A32 /* Pods_ToDo.framework */,
			);
			name = Frameworks;
			sourceTree = "<group>";
		};
/* End PBXGroup section */

/* Begin PBXNativeTarget section */
		7C54E8322077FA7E00B63876 /* ToDo */ = {
			isa = PBXNativeTarget;
			buildConfigurationList = 7C54E8452077FA7F00B63876 /* Build configuration list for PBXNativeTarget "ToDo" */;
			buildPhases = (
				4DA28C1F3BCB901957E8B366 /* [CP] Check Pods Manifest.lock */,
				7C54E82F2077FA7E00B63876 /* Sources */,
				7C54E8302077FA7E00B63876 /* Frameworks */,
				7C54E8312077FA7E00B63876 /* Resources */,
				43C445367B4BE41352711C86 /* [CP] Embed Pods Frameworks */,
				6E6BCCDB305F6176B43A2BD3 /* [CP] Copy Pods Resources */,
			);
			buildRules = (
			);
			dependencies = (
			);
			name = ToDo;
			productName = ToDo;
			productReference = 7C54E8332077FA7E00B63876 /* ToDo.app */;
			productType = "com.apple.product-type.application";
		};
/* End PBXNativeTarget section */

/* Begin PBXProject section */
		7C54E82B2077FA7D00B63876 /* Project object */ = {
			isa = PBXProject;
			attributes = {
				LastSwiftUpdateCheck = 0920;
				LastUpgradeCheck = 0920;
				ORGANIZATIONNAME = "Abhijit Fulsagar";
				TargetAttributes = {
					7C54E8322077FA7E00B63876 = {
						CreatedOnToolsVersion = 9.2;
						ProvisioningStyle = Automatic;
					};
				};
			};
			buildConfigurationList = 7C54E82E2077FA7D00B63876 /* Build configuration list for PBXProject "ToDo" */;
			compatibilityVersion = "Xcode 8.0";
			developmentRegion = en;
			hasScannedForEncodings = 0;
			knownRegions = (
				en,
				Base,
			);
			mainGroup = 7C54E82A2077FA7C00B63876;
			productRefGroup = 7C54E8342077FA7E00B63876 /* Products */;
			projectDirPath = "";
			projectRoot = "";
			targets = (
				7C54E8322077FA7E00B63876 /* ToDo */,
			);
		};
/* End PBXProject section */

/* Begin PBXResourcesBuildPhase section */
		7C54E8312077FA7E00B63876 /* Resources */ = {
			isa = PBXResourcesBuildPhase;
			buildActionMask = 2147483647;
			files = (
				7C54E8412077FA7F00B63876 /* LaunchScreen.storyboard in Resources */,
				7C54E83E2077FA7F00B63876 /* Assets.xcassets in Resources */,
				7C54E83C2077FA7F00B63876 /* Main.storyboard in Resources */,
			);
			runOnlyForDeploymentPostprocessing = 0;
		};
/* End PBXResourcesBuildPhase section */

/* Begin PBXShellScriptBuildPhase section */
		43C445367B4BE41352711C86 /* [CP] Embed Pods Frameworks */ = {
			isa = PBXShellScriptBuildPhase;
			buildActionMask = 2147483647;
			files = (
			);
			inputPaths = (
				"${SRCROOT}/Pods/Target Support Files/Pods-ToDo/Pods-ToDo-frameworks.sh",
				"${BUILT_PRODUCTS_DIR}/Realm/Realm.framework",
				"${BUILT_PRODUCTS_DIR}/RealmSwift/RealmSwift.framework",
				"${BUILT_PRODUCTS_DIR}/SwipeCellKit/SwipeCellKit.framework",
			);
			name = "[CP] Embed Pods Frameworks";
			outputPaths = (
				"${TARGET_BUILD_DIR}/${FRAMEWORKS_FOLDER_PATH}/Realm.framework",
				"${TARGET_BUILD_DIR}/${FRAMEWORKS_FOLDER_PATH}/RealmSwift.framework",
				"${TARGET_BUILD_DIR}/${FRAMEWORKS_FOLDER_PATH}/SwipeCellKit.framework",
			);
			runOnlyForDeploymentPostprocessing = 0;
			shellPath = /bin/sh;
			shellScript = "\"${SRCROOT}/Pods/Target Support Files/Pods-ToDo/Pods-ToDo-frameworks.sh\"\n";
			showEnvVarsInLog = 0;
		};
		4DA28C1F3BCB901957E8B366 /* [CP] Check Pods Manifest.lock */ = {
			isa = PBXShellScriptBuildPhase;
			buildActionMask = 2147483647;
			files = (
			);
			inputPaths = (
				"${PODS_PODFILE_DIR_PATH}/Podfile.lock",
				"${PODS_ROOT}/Manifest.lock",
			);
			name = "[CP] Check Pods Manifest.lock";
			outputPaths = (
				"$(DERIVED_FILE_DIR)/Pods-ToDo-checkManifestLockResult.txt",
			);
			runOnlyForDeploymentPostprocessing = 0;
			shellPath = /bin/sh;
			shellScript = "diff \"${PODS_PODFILE_DIR_PATH}/Podfile.lock\" \"${PODS_ROOT}/Manifest.lock\" > /dev/null\nif [ $? != 0 ] ; then\n    # print error to STDERR\n    echo \"error: The sandbox is not in sync with the Podfile.lock. Run 'pod install' or update your CocoaPods installation.\" >&2\n    exit 1\nfi\n# This output is used by Xcode 'outputs' to avoid re-running this script phase.\necho \"SUCCESS\" > \"${SCRIPT_OUTPUT_FILE_0}\"\n";
			showEnvVarsInLog = 0;
		};
		6E6BCCDB305F6176B43A2BD3 /* [CP] Copy Pods Resources */ = {
			isa = PBXShellScriptBuildPhase;
			buildActionMask = 2147483647;
			files = (
			);
			inputPaths = (
			);
			name = "[CP] Copy Pods Resources";
			outputPaths = (
			);
			runOnlyForDeploymentPostprocessing = 0;
			shellPath = /bin/sh;
			shellScript = "\"${SRCROOT}/Pods/Target Support Files/Pods-ToDo/Pods-ToDo-resources.sh\"\n";
			showEnvVarsInLog = 0;
		};
/* End PBXShellScriptBuildPhase section */

/* Begin PBXSourcesBuildPhase section */
		7C54E82F2077FA7E00B63876 /* Sources */ = {
			isa = PBXSourcesBuildPhase;
			buildActionMask = 2147483647;
			files = (
				7CA9ED1820A9E470000F1A76 /* Item.swift in Sources */,
				7C477D1C20A8D63400BBD811 /* CategoryViewController.swift in Sources */,
				7C54E8392077FA7F00B63876 /* ToDoListViewController.swift in Sources */,
				7C54E8372077FA7F00B63876 /* AppDelegate.swift in Sources */,
				7CA9ED1A20A9E47B000F1A76 /* Category.swift in Sources */,
			);
			runOnlyForDeploymentPostprocessing = 0;
		};
/* End PBXSourcesBuildPhase section */

/* Begin PBXVariantGroup section */
		7C54E83A2077FA7F00B63876 /* Main.storyboard */ = {
			isa = PBXVariantGroup;
			children = (
				7C54E83B2077FA7F00B63876 /* Base */,
			);
			name = Main.storyboard;
			sourceTree = "<group>";
		};
		7C54E83F2077FA7F00B63876 /* LaunchScreen.storyboard */ = {
			isa = PBXVariantGroup;
			children = (
				7C54E8402077FA7F00B63876 /* Base */,
			);
			name = LaunchScreen.storyboard;
			sourceTree = "<group>";
		};
/* End PBXVariantGroup section */

/* Begin XCBuildConfiguration section */
		7C54E8432077FA7F00B63876 /* Debug */ = {
			isa = XCBuildConfiguration;
			buildSettings = {
				ALWAYS_SEARCH_USER_PATHS = NO;
				CLANG_ANALYZER_NONNULL = YES;
				CLANG_ANALYZER_NUMBER_OBJECT_CONVERSION = YES_AGGRESSIVE;
				CLANG_CXX_LANGUAGE_STANDARD = "gnu++14";
				CLANG_CXX_LIBRARY = "libc++";
				CLANG_ENABLE_MODULES = YES;
				CLANG_ENABLE_OBJC_ARC = YES;
				CLANG_WARN_BLOCK_CAPTURE_AUTORELEASING = YES;
				CLANG_WARN_BOOL_CONVERSION = YES;
				CLANG_WARN_COMMA = YES;
				CLANG_WARN_CONSTANT_CONVERSION = YES;
				CLANG_WARN_DIRECT_OBJC_ISA_USAGE = YES_ERROR;
				CLANG_WARN_DOCUMENTATION_COMMENTS = YES;
				CLANG_WARN_EMPTY_BODY = YES;
				CLANG_WARN_ENUM_CONVERSION = YES;
				CLANG_WARN_INFINITE_RECURSION = YES;
				CLANG_WARN_INT_CONVERSION = YES;
				CLANG_WARN_NON_LITERAL_NULL_CONVERSION = YES;
				CLANG_WARN_OBJC_LITERAL_CONVERSION = YES;
				CLANG_WARN_OBJC_ROOT_CLASS = YES_ERROR;
				CLANG_WARN_RANGE_LOOP_ANALYSIS = YES;
				CLANG_WARN_STRICT_PROTOTYPES = YES;
				CLANG_WARN_SUSPICIOUS_MOVE = YES;
				CLANG_WARN_UNGUARDED_AVAILABILITY = YES_AGGRESSIVE;
				CLANG_WARN_UNREACHABLE_CODE = YES;
				CLANG_WARN__DUPLICATE_METHOD_MATCH = YES;
				CODE_SIGN_IDENTITY = "iPhone Developer";
				COPY_PHASE_STRIP = NO;
				DEBUG_INFORMATION_FORMAT = dwarf;
				ENABLE_STRICT_OBJC_MSGSEND = YES;
				ENABLE_TESTABILITY = YES;
				GCC_C_LANGUAGE_STANDARD = gnu11;
				GCC_DYNAMIC_NO_PIC = NO;
				GCC_NO_COMMON_BLOCKS = YES;
				GCC_OPTIMIZATION_LEVEL = 0;
				GCC_PREPROCESSOR_DEFINITIONS = (
					"DEBUG=1",
					"$(inherited)",
				);
				GCC_WARN_64_TO_32_BIT_CONVERSION = YES;
				GCC_WARN_ABOUT_RETURN_TYPE = YES_ERROR;
				GCC_WARN_UNDECLARED_SELECTOR = YES;
				GCC_WARN_UNINITIALIZED_AUTOS = YES_AGGRESSIVE;
				GCC_WARN_UNUSED_FUNCTION = YES;
				GCC_WARN_UNUSED_VARIABLE = YES;
				IPHONEOS_DEPLOYMENT_TARGET = 11.2;
				MTL_ENABLE_DEBUG_INFO = YES;
				ONLY_ACTIVE_ARCH = YES;
				SDKROOT = iphoneos;
				SWIFT_ACTIVE_COMPILATION_CONDITIONS = DEBUG;
				SWIFT_OPTIMIZATION_LEVEL = "-Onone";
			};
			name = Debug;
		};
		7C54E8442077FA7F00B63876 /* Release */ = {
			isa = XCBuildConfiguration;
			buildSettings = {
				ALWAYS_SEARCH_USER_PATHS = NO;
				CLANG_ANALYZER_NONNULL = YES;
				CLANG_ANALYZER_NUMBER_OBJECT_CONVERSION = YES_AGGRESSIVE;
				CLANG_CXX_LANGUAGE_STANDARD = "gnu++14";
				CLANG_CXX_LIBRARY = "libc++";
				CLANG_ENABLE_MODULES = YES;
				CLANG_ENABLE_OBJC_ARC = YES;
				CLANG_WARN_BLOCK_CAPTURE_AUTORELEASING = YES;
				CLANG_WARN_BOOL_CONVERSION = YES;
				CLANG_WARN_COMMA = YES;
				CLANG_WARN_CONSTANT_CONVERSION = YES;
				CLANG_WARN_DIRECT_OBJC_ISA_USAGE = YES_ERROR;
				CLANG_WARN_DOCUMENTATION_COMMENTS = YES;
				CLANG_WARN_EMPTY_BODY = YES;
				CLANG_WARN_ENUM_CONVERSION = YES;
				CLANG_WARN_INFINITE_RECURSION = YES;
				CLANG_WARN_INT_CONVERSION = YES;
				CLANG_WARN_NON_LITERAL_NULL_CONVERSION = YES;
				CLANG_WARN_OBJC_LITERAL_CONVERSION = YES;
				CLANG_WARN_OBJC_ROOT_CLASS = YES_ERROR;
				CLANG_WARN_RANGE_LOOP_ANALYSIS = YES;
				CLANG_WARN_STRICT_PROTOTYPES = YES;
				CLANG_WARN_SUSPICIOUS_MOVE = YES;
				CLANG_WARN_UNGUARDED_AVAILABILITY = YES_AGGRESSIVE;
				CLANG_WARN_UNREACHABLE_CODE = YES;
				CLANG_WARN__DUPLICATE_METHOD_MATCH = YES;
				CODE_SIGN_IDENTITY = "iPhone Developer";
				COPY_PHASE_STRIP = NO;
				DEBUG_INFORMATION_FORMAT = "dwarf-with-dsym";
				ENABLE_NS_ASSERTIONS = NO;
				ENABLE_STRICT_OBJC_MSGSEND = YES;
				GCC_C_LANGUAGE_STANDARD = gnu11;
				GCC_NO_COMMON_BLOCKS = YES;
				GCC_WARN_64_TO_32_BIT_CONVERSION = YES;
				GCC_WARN_ABOUT_RETURN_TYPE = YES_ERROR;
				GCC_WARN_UNDECLARED_SELECTOR = YES;
				GCC_WARN_UNINITIALIZED_AUTOS = YES_AGGRESSIVE;
				GCC_WARN_UNUSED_FUNCTION = YES;
				GCC_WARN_UNUSED_VARIABLE = YES;
				IPHONEOS_DEPLOYMENT_TARGET = 11.2;
				MTL_ENABLE_DEBUG_INFO = NO;
				SDKROOT = iphoneos;
				SWIFT_OPTIMIZATION_LEVEL = "-Owholemodule";
				VALIDATE_PRODUCT = YES;
			};
			name = Release;
		};
		7C54E8462077FA7F00B63876 /* Debug */ = {
			isa = XCBuildConfiguration;
			baseConfigurationReference = EB08694C4058D45200C28F60 /* Pods-ToDo.debug.xcconfig */;
			buildSettings = {
				ASSETCATALOG_COMPILER_APPICON_NAME = AppIcon;
				CODE_SIGN_STYLE = Automatic;
				INFOPLIST_FILE = ToDo/Info.plist;
				LD_RUNPATH_SEARCH_PATHS = "$(inherited) @executable_path/Frameworks";
				PRODUCT_BUNDLE_IDENTIFIER = abhijitfulsagar.ToDo;
				PRODUCT_NAME = "$(TARGET_NAME)";
				SWIFT_VERSION = 4.0;
				TARGETED_DEVICE_FAMILY = "1,2";
			};
			name = Debug;
		};
		7C54E8472077FA7F00B63876 /* Release */ = {
			isa = XCBuildConfiguration;
			baseConfigurationReference = D68DDAB65BD49D87154BE299 /* Pods-ToDo.release.xcconfig */;
			buildSettings = {
				ASSETCATALOG_COMPILER_APPICON_NAME = AppIcon;
				CODE_SIGN_STYLE = Automatic;
				INFOPLIST_FILE = ToDo/Info.plist;
				LD_RUNPATH_SEARCH_PATHS = "$(inherited) @executable_path/Frameworks";
				PRODUCT_BUNDLE_IDENTIFIER = abhijitfulsagar.ToDo;
				PRODUCT_NAME = "$(TARGET_NAME)";
				SWIFT_VERSION = 4.0;
				TARGETED_DEVICE_FAMILY = "1,2";
			};
			name = Release;
		};
/* End XCBuildConfiguration section */

/* Begin XCConfigurationList section */
		7C54E82E2077FA7D00B63876 /* Build configuration list for PBXProject "ToDo" */ = {
			isa = XCConfigurationList;
			buildConfigurations = (
				7C54E8432077FA7F00B63876 /* Debug */,
				7C54E8442077FA7F00B63876 /* Release */,
			);
			defaultConfigurationIsVisible = 0;
			defaultConfigurationName = Release;
		};
		7C54E8452077FA7F00B63876 /* Build configuration list for PBXNativeTarget "ToDo" */ = {
			isa = XCConfigurationList;
			buildConfigurations = (
				7C54E8462077FA7F00B63876 /* Debug */,
				7C54E8472077FA7F00B63876 /* Release */,
			);
			defaultConfigurationIsVisible = 0;
			defaultConfigurationName = Release;
		};
/* End XCConfigurationList section */
	};
	rootObject = 7C54E82B2077FA7D00B63876 /* Project object */;
}
